lockfileVersion: '9.0'

settings:
  autoInstallPeers: true
  excludeLinksFromLockfile: false

patchedDependencies:
  weixin-agent-sdk@0.5.0: 4554ddb58ba23b808425984f86749a6e6a89c011b412fe6590f5ad07159af1e4

importers:

  .:
    dependencies:
      weixin-agent-sdk:
        specifier: 0.5.0
        version: 0.5.0(patch_hash=4554ddb58ba23b808425984f86749a6e6a89c011b412fe6590f5ad07159af1e4)

packages:

  qrcode-terminal@0.12.0:
    resolution: {integrity: sha512-EXtzRZmC+YGmGlDFbXKxQiMZNwCLEO6BANKXG4iCtSIM0yqc/pappSx3RIKr4r0uh5JsBckOXeKrB3Iz7mdQpQ==}
    hasBin: true

  weixin-agent-sdk@0.5.0:
    resolution: {integrity: sha512-Jp9mJc6Q4b3JnRlRjsuwSoJIiR8V4dmkZpiG9jGsZ3h+taFQ955DuNeOLyQSy1O8AgwSf1OlqBgIwnnQHWyb0Q==}
    engines: {node: '>=22'}

snapshots:

  qrcode-terminal@0.12.0: {}

  weixin-agent-sdk@0.5.0(patch_hash=4554ddb58ba23b808425984f86749a6e6a89c011b412fe6590f5ad07159af1e4):
    dependencies:
      qrcode-terminal: 0.12.0
